
Microsoft Visual Studio Solution File, Format Version 12.00
# Visual Studio Version 17
VisualStudioVersion = 17.10.35004.147
MinimumVisualStudioVersion = 10.0.40219.1
Project("{FAE04EC0-301F-11D3-BF4B-00C04F79EFBC}") = "AppDB", "AppDB\AppDB.csproj", "{0E50A659-B389-4373-B819-192843FA99E2}"
EndProject
Project("{FAE04EC0-301F-11D3-BF4B-00C04F79EFBC}") = "AppAPI", "AppAPI\AppAPI.csproj", "{6B9E0437-2379-4F85-A589-E5F39052A841}"
EndProject
Project("{FAE04EC0-301F-11D3-BF4B-00C04F79EFBC}") = "AppView", "AppView\AppView.csproj", "{90771D7A-2BEF-4CCF-A8EC-3955E13F2A34}"
EndProject
Global
	GlobalSection(SolutionConfigurationPlatforms) = preSolution
		Debug|Any CPU = Debug|Any CPU
		Release|Any CPU = Release|Any CPU
	EndGlobalSection
	GlobalSection(ProjectConfigurationPlatforms) = postSolution
		{0E50A659-B389-4373-B819-192843FA99E2}.Debug|Any CPU.ActiveCfg = Debug|Any CPU
		{0E50A659-B389-4373-B819-192843FA99E2}.Debug|Any CPU.Build.0 = Debug|Any CPU
		{0E50A659-B389-4373-B819-192843FA99E2}.Release|Any CPU.ActiveCfg = Release|Any CPU
		{0E50A659-B389-4373-B819-192843FA99E2}.Release|Any CPU.Build.0 = Release|Any CPU
		{6B9E0437-2379-4F85-A589-E5F39052A841}.Debug|Any CPU.ActiveCfg = Debug|Any CPU
		{6B9E0437-2379-4F85-A589-E5F39052A841}.Debug|Any CPU.Build.0 = Debug|Any CPU
		{6B9E0437-2379-4F85-A589-E5F39052A841}.Release|Any CPU.ActiveCfg = Release|Any CPU
		{6B9E0437-2379-4F85-A589-E5F39052A841}.Release|Any CPU.Build.0 = Release|Any CPU
		{90771D7A-2BEF-4CCF-A8EC-3955E13F2A34}.Debug|Any CPU.ActiveCfg = Debug|Any CPU
		{90771D7A-2BEF-4CCF-A8EC-3955E13F2A34}.Debug|Any CPU.Build.0 = Debug|Any CPU
		{90771D7A-2BEF-4CCF-A8EC-3955E13F2A34}.Release|Any CPU.ActiveCfg = Release|Any CPU
		{90771D7A-2BEF-4CCF-A8EC-3955E13F2A34}.Release|Any CPU.Build.0 = Release|Any CPU
	EndGlobalSection
	GlobalSection(SolutionProperties) = preSolution
		HideSolutionNode = FALSE
	EndGlobalSection
	GlobalSection(ExtensibilityGlobals) = postSolution
		SolutionGuid = {2C76B2F6-8151-4DBD-93CE-60C4DE48D114}
	EndGlobalSection
EndGlobal
